{
  "version": 4,
  "terraform_version": "1.4.2",
  "serial": 49,
  "lineage": "2a5bd049-9e3b-dc76-f03b-b6b54690be0e",
  "outputs": {
    "ipv4_address": {
      "value": "65.109.172.100",
      "type": "string"
    }
  },
  "resources": [
    {
      "mode": "managed",
      "type": "hcloud_server",
      "name": "test-terraform-server",
      "provider": "provider[\"registry.terraform.io/hetznercloud/hcloud\"]",
      "instances": [
        {
          "schema_version": 0,
          "attributes": {
            "allow_deprecated_images": false,
            "backup_window": "",
            "backups": false,
            "datacenter": "hel1-dc2",
            "delete_protection": false,
            "firewall_ids": [],
            "id": "30504760",
            "ignore_remote_firewall_ids": false,
            "image": "debian-11",
            "ipv4_address": "65.109.172.100",
            "ipv6_address": "2a01:4f9:c010:a79f::1",
            "ipv6_network": "2a01:4f9:c010:a79f::/64",
            "iso": null,
            "keep_disk": false,
            "labels": null,
            "location": "hel1",
            "name": "Test-Terraform-Server",
            "network": [],
            "placement_group_id": null,
            "public_net": [
              {
                "ipv4": 0,
                "ipv4_enabled": true,
                "ipv6": 0,
                "ipv6_enabled": true
              }
            ],
            "rebuild_protection": false,
            "rescue": null,
            "server_type": "cx11",
            "ssh_keys": [
              "iot-dobot"
            ],
            "status": "running",
            "timeouts": null,
            "user_data": "1IXJCvpDnVy02VmKBrKRJFVq3TI="
          },
          "sensitive_attributes": [],
          "private": "eyJlMmJmYjczMC1lY2FhLTExZTYtOGY4OC0zNDM2M2JjN2M0YzAiOnsiY3JlYXRlIjo1NDAwMDAwMDAwMDAwfX0=",
          "dependencies": [
            "hcloud_ssh_key.iot-dobot"
          ]
        }
      ]
    },
    {
      "mode": "managed",
      "type": "hcloud_ssh_key",
      "name": "iot-dobot",
      "provider": "provider[\"registry.terraform.io/hetznercloud/hcloud\"]",
      "instances": [
        {
          "schema_version": 0,
          "attributes": {
            "fingerprint": "1e:5e:7e:f4:c0:60:a1:ab:46:48:b1:a5:0a:59:8e:03",
            "id": "10631559",
            "labels": null,
            "name": "iot-dobot",
            "public_key": "ecdsa-sha2-nistp521 AAAAE2VjZHNhLXNoYTItbmlzdHA1MjEAAAAIbmlzdHA1MjEAAACFBABZMnHXIpyDco7V915eAjd2YOQlZ0P8utRvgrnwwQ2tvuVVokskd6qQ5a1++D+9FwT0A427wCCWiPopFJOt9VFaAAAgmz4pcD4Lbju/HfL9Xx8w4OY7TZ7VhI/4tK3sy43ZlC4vzSSZbSoiB4Zw+O/u7Z7agFdjh/l8vJagM+ZDv7HiEw== bhomuth@MacBook-Pro-von-Benedict.local\n"
          },
          "sensitive_attributes": [],
          "private": "bnVsbA=="
        }
      ]
    }
  ],
  "check_results": null
}
